
Microsoft Visual Studio Solution File, Format Version 12.00
# Visual Studio 2013
VisualStudioVersion = 12.0.31101.0
MinimumVisualStudioVersion = 10.0.40219.1
Project("{FAE04EC0-301F-11D3-BF4B-00C04F79EFBC}") = "Zeje", "Zeje\Zeje.csproj", "{0FF4358C-45B1-4E9C-AADE-49A10482483D}"
EndProject
Project("{FAE04EC0-301F-11D3-BF4B-00C04F79EFBC}") = "Zeje.Datas", "Zeje.Datas\Zeje.Datas.csproj", "{A4AAE937-5FA2-48CA-AE2D-B3B76FEA67F1}"
EndProject
Project("{FAE04EC0-301F-11D3-BF4B-00C04F79EFBC}") = "Zeje.Utils", "Zeje.Utils\Zeje.Utils.csproj", "{78B9E987-D5D6-4C2E-B9D6-685B4728CCDF}"
EndProject
Project("{FAE04EC0-301F-11D3-BF4B-00C04F79EFBC}") = "Zeje.CSharp", "Zeje.CSharp\Zeje.CSharp.csproj", "{AE45E975-54F5-4A65-BF6B-97B03165FB59}"
EndProject
Project("{2150E333-8FDC-42A3-9474-1A3956D46DE8}") = "WebSite", "WebSite", "{64CF1CEB-A006-4D1B-91E6-B3B739402811}"
EndProject
Project("{2150E333-8FDC-42A3-9474-1A3956D46DE8}") = "Library", "Library", "{2E3B39D6-B3CF-40D7-8F78-D5A096140578}"
EndProject
Project("{2150E333-8FDC-42A3-9474-1A3956D46DE8}") = "Data", "Data", "{1ED4A6FB-FF6D-403F-826B-4C53C9FDBFFF}"
EndProject
Project("{FAE04EC0-301F-11D3-BF4B-00C04F79EFBC}") = "Zeje.Common", "Zeje.Commons\Zeje.Common.csproj", "{9B3D2EBB-1E99-41B5-B75A-6001B5DE4C54}"
EndProject
Project("{FAE04EC0-301F-11D3-BF4B-00C04F79EFBC}") = "Zeje.BLL", "Zeje.BLL\Zeje.BLL.csproj", "{9C4E44C5-4910-4388-AE41-137C7352921F}"
EndProject
Project("{FAE04EC0-301F-11D3-BF4B-00C04F79EFBC}") = "Zeje.DAL", "Zeje.DAL\Zeje.DAL.csproj", "{483DB131-D2AD-4150-AF62-9423D2F85F7F}"
EndProject
Project("{FAE04EC0-301F-11D3-BF4B-00C04F79EFBC}") = "Zeje.Models", "Zeje.Models\Zeje.Models.csproj", "{F4DB7C77-53CE-48FF-9980-EFAFB6924C40}"
EndProject
Project("{FAE04EC0-301F-11D3-BF4B-00C04F79EFBC}") = "Zeje.SSO", "Zeje.SSO\Zeje.SSO.csproj", "{442F4DDA-696A-4D54-9BA5-860A9293E813}"
EndProject
Project("{FAE04EC0-301F-11D3-BF4B-00C04F79EFBC}") = "Zeje.AppCache", "Zeje.AppCache\Zeje.AppCache.csproj", "{B692456D-2CAF-4BD6-88AD-31B09D8C7964}"
EndProject
Project("{FAE04EC0-301F-11D3-BF4B-00C04F79EFBC}") = "Zeje.Core", "Zeje.Core\Zeje.Core.csproj", "{22880D8A-BADE-42DD-8965-FEB221C5FB65}"
EndProject
Project("{FAE04EC0-301F-11D3-BF4B-00C04F79EFBC}") = "Zeje.Static", "Zeje.Static\Zeje.Static.csproj", "{4D0DF164-D6FD-4113-A987-0A79F9C3D5F4}"
EndProject
Project("{FAE04EC0-301F-11D3-BF4B-00C04F79EFBC}") = "Zeje.Sys", "Zeje.Sys\Zeje.Sys.csproj", "{C288EC94-FE3B-4C65-AAA2-E56D158CB77E}"
EndProject
Project("{FAE04EC0-301F-11D3-BF4B-00C04F79EFBC}") = "Zeje.WX", "Zeje.WX\Zeje.WX.csproj", "{0C77C66F-28D1-41E7-B53D-B3A93D82FE32}"
EndProject
Project("{FAE04EC0-301F-11D3-BF4B-00C04F79EFBC}") = "Zeje.Hr", "Zeje.Hr\Zeje.Hr.csproj", "{7340BB0A-A56A-43E8-8DE2-CA2CF5E28F5B}"
EndProject
Global
	GlobalSection(SolutionConfigurationPlatforms) = preSolution
		Debug|Any CPU = Debug|Any CPU
		Debug|Mixed Platforms = Debug|Mixed Platforms
		Debug|x86 = Debug|x86
		Release|Any CPU = Release|Any CPU
		Release|Mixed Platforms = Release|Mixed Platforms
		Release|x86 = Release|x86
	EndGlobalSection
	GlobalSection(ProjectConfigurationPlatforms) = postSolution
		{0FF4358C-45B1-4E9C-AADE-49A10482483D}.Debug|Any CPU.ActiveCfg = Debug|Any CPU
		{0FF4358C-45B1-4E9C-AADE-49A10482483D}.Debug|Any CPU.Build.0 = Debug|Any CPU
		{0FF4358C-45B1-4E9C-AADE-49A10482483D}.Debug|Mixed Platforms.ActiveCfg = Debug|Any CPU
		{0FF4358C-45B1-4E9C-AADE-49A10482483D}.Debug|Mixed Platforms.Build.0 = Debug|Any CPU
		{0FF4358C-45B1-4E9C-AADE-49A10482483D}.Debug|x86.ActiveCfg = Debug|Any CPU
		{0FF4358C-45B1-4E9C-AADE-49A10482483D}.Release|Any CPU.ActiveCfg = Release|Any CPU
		{0FF4358C-45B1-4E9C-AADE-49A10482483D}.Release|Any CPU.Build.0 = Release|Any CPU
		{0FF4358C-45B1-4E9C-AADE-49A10482483D}.Release|Mixed Platforms.ActiveCfg = Release|Any CPU
		{0FF4358C-45B1-4E9C-AADE-49A10482483D}.Release|Mixed Platforms.Build.0 = Release|Any CPU
		{0FF4358C-45B1-4E9C-AADE-49A10482483D}.Release|x86.ActiveCfg = Release|Any CPU
		{A4AAE937-5FA2-48CA-AE2D-B3B76FEA67F1}.Debug|Any CPU.ActiveCfg = Debug|Any CPU
		{A4AAE937-5FA2-48CA-AE2D-B3B76FEA67F1}.Debug|Any CPU.Build.0 = Debug|Any CPU
		{A4AAE937-5FA2-48CA-AE2D-B3B76FEA67F1}.Debug|Mixed Platforms.ActiveCfg = Debug|Any CPU
		{A4AAE937-5FA2-48CA-AE2D-B3B76FEA67F1}.Debug|Mixed Platforms.Build.0 = Debug|Any CPU
		{A4AAE937-5FA2-48CA-AE2D-B3B76FEA67F1}.Debug|x86.ActiveCfg = Debug|Any CPU
		{A4AAE937-5FA2-48CA-AE2D-B3B76FEA67F1}.Release|Any CPU.ActiveCfg = Release|Any CPU
		{A4AAE937-5FA2-48CA-AE2D-B3B76FEA67F1}.Release|Any CPU.Build.0 = Release|Any CPU
		{A4AAE937-5FA2-48CA-AE2D-B3B76FEA67F1}.Release|Mixed Platforms.ActiveCfg = Release|Any CPU
		{A4AAE937-5FA2-48CA-AE2D-B3B76FEA67F1}.Release|Mixed Platforms.Build.0 = Release|Any CPU
		{A4AAE937-5FA2-48CA-AE2D-B3B76FEA67F1}.Release|x86.ActiveCfg = Release|Any CPU
		{78B9E987-D5D6-4C2E-B9D6-685B4728CCDF}.Debug|Any CPU.ActiveCfg = Debug|Any CPU
		{78B9E987-D5D6-4C2E-B9D6-685B4728CCDF}.Debug|Any CPU.Build.0 = Debug|Any CPU
		{78B9E987-D5D6-4C2E-B9D6-685B4728CCDF}.Debug|Mixed Platforms.ActiveCfg = Debug|Any CPU
		{78B9E987-D5D6-4C2E-B9D6-685B4728CCDF}.Debug|Mixed Platforms.Build.0 = Debug|Any CPU
		{78B9E987-D5D6-4C2E-B9D6-685B4728CCDF}.Debug|x86.ActiveCfg = Debug|Any CPU
		{78B9E987-D5D6-4C2E-B9D6-685B4728CCDF}.Release|Any CPU.ActiveCfg = Release|Any CPU
		{78B9E987-D5D6-4C2E-B9D6-685B4728CCDF}.Release|Any CPU.Build.0 = Release|Any CPU
		{78B9E987-D5D6-4C2E-B9D6-685B4728CCDF}.Release|Mixed Platforms.ActiveCfg = Release|Any CPU
		{78B9E987-D5D6-4C2E-B9D6-685B4728CCDF}.Release|Mixed Platforms.Build.0 = Release|Any CPU
		{78B9E987-D5D6-4C2E-B9D6-685B4728CCDF}.Release|x86.ActiveCfg = Release|Any CPU
		{AE45E975-54F5-4A65-BF6B-97B03165FB59}.Debug|Any CPU.ActiveCfg = Debug|Any CPU
		{AE45E975-54F5-4A65-BF6B-97B03165FB59}.Debug|Any CPU.Build.0 = Debug|Any CPU
		{AE45E975-54F5-4A65-BF6B-97B03165FB59}.Debug|Mixed Platforms.ActiveCfg = Debug|Any CPU
		{AE45E975-54F5-4A65-BF6B-97B03165FB59}.Debug|Mixed Platforms.Build.0 = Debug|Any CPU
		{AE45E975-54F5-4A65-BF6B-97B03165FB59}.Debug|x86.ActiveCfg = Debug|Any CPU
		{AE45E975-54F5-4A65-BF6B-97B03165FB59}.Release|Any CPU.ActiveCfg = Release|Any CPU
		{AE45E975-54F5-4A65-BF6B-97B03165FB59}.Release|Any CPU.Build.0 = Release|Any CPU
		{AE45E975-54F5-4A65-BF6B-97B03165FB59}.Release|Mixed Platforms.ActiveCfg = Release|Any CPU
		{AE45E975-54F5-4A65-BF6B-97B03165FB59}.Release|Mixed Platforms.Build.0 = Release|Any CPU
		{AE45E975-54F5-4A65-BF6B-97B03165FB59}.Release|x86.ActiveCfg = Release|Any CPU
		{9B3D2EBB-1E99-41B5-B75A-6001B5DE4C54}.Debug|Any CPU.ActiveCfg = Debug|Any CPU
		{9B3D2EBB-1E99-41B5-B75A-6001B5DE4C54}.Debug|Any CPU.Build.0 = Debug|Any CPU
		{9B3D2EBB-1E99-41B5-B75A-6001B5DE4C54}.Debug|Mixed Platforms.ActiveCfg = Debug|Any CPU
		{9B3D2EBB-1E99-41B5-B75A-6001B5DE4C54}.Debug|Mixed Platforms.Build.0 = Debug|Any CPU
		{9B3D2EBB-1E99-41B5-B75A-6001B5DE4C54}.Debug|x86.ActiveCfg = Debug|Any CPU
		{9B3D2EBB-1E99-41B5-B75A-6001B5DE4C54}.Release|Any CPU.ActiveCfg = Release|Any CPU
		{9B3D2EBB-1E99-41B5-B75A-6001B5DE4C54}.Release|Any CPU.Build.0 = Release|Any CPU
		{9B3D2EBB-1E99-41B5-B75A-6001B5DE4C54}.Release|Mixed Platforms.ActiveCfg = Release|Any CPU
		{9B3D2EBB-1E99-41B5-B75A-6001B5DE4C54}.Release|Mixed Platforms.Build.0 = Release|Any CPU
		{9B3D2EBB-1E99-41B5-B75A-6001B5DE4C54}.Release|x86.ActiveCfg = Release|Any CPU
		{9C4E44C5-4910-4388-AE41-137C7352921F}.Debug|Any CPU.ActiveCfg = Debug|Any CPU
		{9C4E44C5-4910-4388-AE41-137C7352921F}.Debug|Any CPU.Build.0 = Debug|Any CPU
		{9C4E44C5-4910-4388-AE41-137C7352921F}.Debug|Mixed Platforms.ActiveCfg = Debug|Any CPU
		{9C4E44C5-4910-4388-AE41-137C7352921F}.Debug|Mixed Platforms.Build.0 = Debug|Any CPU
		{9C4E44C5-4910-4388-AE41-137C7352921F}.Debug|x86.ActiveCfg = Debug|Any CPU
		{9C4E44C5-4910-4388-AE41-137C7352921F}.Release|Any CPU.ActiveCfg = Release|Any CPU
		{9C4E44C5-4910-4388-AE41-137C7352921F}.Release|Any CPU.Build.0 = Release|Any CPU
		{9C4E44C5-4910-4388-AE41-137C7352921F}.Release|Mixed Platforms.ActiveCfg = Release|Any CPU
		{9C4E44C5-4910-4388-AE41-137C7352921F}.Release|Mixed Platforms.Build.0 = Release|Any CPU
		{9C4E44C5-4910-4388-AE41-137C7352921F}.Release|x86.ActiveCfg = Release|Any CPU
		{483DB131-D2AD-4150-AF62-9423D2F85F7F}.Debug|Any CPU.ActiveCfg = Debug|Any CPU
		{483DB131-D2AD-4150-AF62-9423D2F85F7F}.Debug|Any CPU.Build.0 = Debug|Any CPU
		{483DB131-D2AD-4150-AF62-9423D2F85F7F}.Debug|Mixed Platforms.ActiveCfg = Debug|Any CPU
		{483DB131-D2AD-4150-AF62-9423D2F85F7F}.Debug|Mixed Platforms.Build.0 = Debug|Any CPU
		{483DB131-D2AD-4150-AF62-9423D2F85F7F}.Debug|x86.ActiveCfg = Debug|Any CPU
		{483DB131-D2AD-4150-AF62-9423D2F85F7F}.Release|Any CPU.ActiveCfg = Release|Any CPU
		{483DB131-D2AD-4150-AF62-9423D2F85F7F}.Release|Any CPU.Build.0 = Release|Any CPU
		{483DB131-D2AD-4150-AF62-9423D2F85F7F}.Release|Mixed Platforms.ActiveCfg = Release|Any CPU
		{483DB131-D2AD-4150-AF62-9423D2F85F7F}.Release|Mixed Platforms.Build.0 = Release|Any CPU
		{483DB131-D2AD-4150-AF62-9423D2F85F7F}.Release|x86.ActiveCfg = Release|Any CPU
		{F4DB7C77-53CE-48FF-9980-EFAFB6924C40}.Debug|Any CPU.ActiveCfg = Debug|Any CPU
		{F4DB7C77-53CE-48FF-9980-EFAFB6924C40}.Debug|Any CPU.Build.0 = Debug|Any CPU
		{F4DB7C77-53CE-48FF-9980-EFAFB6924C40}.Debug|Mixed Platforms.ActiveCfg = Debug|Any CPU
		{F4DB7C77-53CE-48FF-9980-EFAFB6924C40}.Debug|Mixed Platforms.Build.0 = Debug|Any CPU
		{F4DB7C77-53CE-48FF-9980-EFAFB6924C40}.Debug|x86.ActiveCfg = Debug|Any CPU
		{F4DB7C77-53CE-48FF-9980-EFAFB6924C40}.Release|Any CPU.ActiveCfg = Release|Any CPU
		{F4DB7C77-53CE-48FF-9980-EFAFB6924C40}.Release|Any CPU.Build.0 = Release|Any CPU
		{F4DB7C77-53CE-48FF-9980-EFAFB6924C40}.Release|Mixed Platforms.ActiveCfg = Release|Any CPU
		{F4DB7C77-53CE-48FF-9980-EFAFB6924C40}.Release|Mixed Platforms.Build.0 = Release|Any CPU
		{F4DB7C77-53CE-48FF-9980-EFAFB6924C40}.Release|x86.ActiveCfg = Release|Any CPU
		{442F4DDA-696A-4D54-9BA5-860A9293E813}.Debug|Any CPU.ActiveCfg = Debug|Any CPU
		{442F4DDA-696A-4D54-9BA5-860A9293E813}.Debug|Any CPU.Build.0 = Debug|Any CPU
		{442F4DDA-696A-4D54-9BA5-860A9293E813}.Debug|Mixed Platforms.ActiveCfg = Debug|Any CPU
		{442F4DDA-696A-4D54-9BA5-860A9293E813}.Debug|Mixed Platforms.Build.0 = Debug|Any CPU
		{442F4DDA-696A-4D54-9BA5-860A9293E813}.Debug|x86.ActiveCfg = Debug|Any CPU
		{442F4DDA-696A-4D54-9BA5-860A9293E813}.Release|Any CPU.ActiveCfg = Release|Any CPU
		{442F4DDA-696A-4D54-9BA5-860A9293E813}.Release|Any CPU.Build.0 = Release|Any CPU
		{442F4DDA-696A-4D54-9BA5-860A9293E813}.Release|Mixed Platforms.ActiveCfg = Release|Any CPU
		{442F4DDA-696A-4D54-9BA5-860A9293E813}.Release|Mixed Platforms.Build.0 = Release|Any CPU
		{442F4DDA-696A-4D54-9BA5-860A9293E813}.Release|x86.ActiveCfg = Release|Any CPU
		{B692456D-2CAF-4BD6-88AD-31B09D8C7964}.Debug|Any CPU.ActiveCfg = Debug|Any CPU
		{B692456D-2CAF-4BD6-88AD-31B09D8C7964}.Debug|Any CPU.Build.0 = Debug|Any CPU
		{B692456D-2CAF-4BD6-88AD-31B09D8C7964}.Debug|Mixed Platforms.ActiveCfg = Debug|Any CPU
		{B692456D-2CAF-4BD6-88AD-31B09D8C7964}.Debug|Mixed Platforms.Build.0 = Debug|Any CPU
		{B692456D-2CAF-4BD6-88AD-31B09D8C7964}.Debug|x86.ActiveCfg = Debug|Any CPU
		{B692456D-2CAF-4BD6-88AD-31B09D8C7964}.Release|Any CPU.ActiveCfg = Release|Any CPU
		{B692456D-2CAF-4BD6-88AD-31B09D8C7964}.Release|Any CPU.Build.0 = Release|Any CPU
		{B692456D-2CAF-4BD6-88AD-31B09D8C7964}.Release|Mixed Platforms.ActiveCfg = Release|Any CPU
		{B692456D-2CAF-4BD6-88AD-31B09D8C7964}.Release|Mixed Platforms.Build.0 = Release|Any CPU
		{B692456D-2CAF-4BD6-88AD-31B09D8C7964}.Release|x86.ActiveCfg = Release|Any CPU
		{22880D8A-BADE-42DD-8965-FEB221C5FB65}.Debug|Any CPU.ActiveCfg = Debug|Any CPU
		{22880D8A-BADE-42DD-8965-FEB221C5FB65}.Debug|Any CPU.Build.0 = Debug|Any CPU
		{22880D8A-BADE-42DD-8965-FEB221C5FB65}.Debug|Mixed Platforms.ActiveCfg = Debug|Any CPU
		{22880D8A-BADE-42DD-8965-FEB221C5FB65}.Debug|Mixed Platforms.Build.0 = Debug|Any CPU
		{22880D8A-BADE-42DD-8965-FEB221C5FB65}.Debug|x86.ActiveCfg = Debug|Any CPU
		{22880D8A-BADE-42DD-8965-FEB221C5FB65}.Release|Any CPU.ActiveCfg = Release|Any CPU
		{22880D8A-BADE-42DD-8965-FEB221C5FB65}.Release|Any CPU.Build.0 = Release|Any CPU
		{22880D8A-BADE-42DD-8965-FEB221C5FB65}.Release|Mixed Platforms.ActiveCfg = Release|Any CPU
		{22880D8A-BADE-42DD-8965-FEB221C5FB65}.Release|Mixed Platforms.Build.0 = Release|Any CPU
		{22880D8A-BADE-42DD-8965-FEB221C5FB65}.Release|x86.ActiveCfg = Release|Any CPU
		{4D0DF164-D6FD-4113-A987-0A79F9C3D5F4}.Debug|Any CPU.ActiveCfg = Debug|Any CPU
		{4D0DF164-D6FD-4113-A987-0A79F9C3D5F4}.Debug|Any CPU.Build.0 = Debug|Any CPU
		{4D0DF164-D6FD-4113-A987-0A79F9C3D5F4}.Debug|Mixed Platforms.ActiveCfg = Debug|Any CPU
		{4D0DF164-D6FD-4113-A987-0A79F9C3D5F4}.Debug|Mixed Platforms.Build.0 = Debug|Any CPU
		{4D0DF164-D6FD-4113-A987-0A79F9C3D5F4}.Debug|x86.ActiveCfg = Debug|Any CPU
		{4D0DF164-D6FD-4113-A987-0A79F9C3D5F4}.Release|Any CPU.ActiveCfg = Release|Any CPU
		{4D0DF164-D6FD-4113-A987-0A79F9C3D5F4}.Release|Any CPU.Build.0 = Release|Any CPU
		{4D0DF164-D6FD-4113-A987-0A79F9C3D5F4}.Release|Mixed Platforms.ActiveCfg = Release|Any CPU
		{4D0DF164-D6FD-4113-A987-0A79F9C3D5F4}.Release|Mixed Platforms.Build.0 = Release|Any CPU
		{4D0DF164-D6FD-4113-A987-0A79F9C3D5F4}.Release|x86.ActiveCfg = Release|Any CPU
		{C288EC94-FE3B-4C65-AAA2-E56D158CB77E}.Debug|Any CPU.ActiveCfg = Debug|Any CPU
		{C288EC94-FE3B-4C65-AAA2-E56D158CB77E}.Debug|Any CPU.Build.0 = Debug|Any CPU
		{C288EC94-FE3B-4C65-AAA2-E56D158CB77E}.Debug|Mixed Platforms.ActiveCfg = Debug|Any CPU
		{C288EC94-FE3B-4C65-AAA2-E56D158CB77E}.Debug|Mixed Platforms.Build.0 = Debug|Any CPU
		{C288EC94-FE3B-4C65-AAA2-E56D158CB77E}.Debug|x86.ActiveCfg = Debug|Any CPU
		{C288EC94-FE3B-4C65-AAA2-E56D158CB77E}.Release|Any CPU.ActiveCfg = Release|Any CPU
		{C288EC94-FE3B-4C65-AAA2-E56D158CB77E}.Release|Any CPU.Build.0 = Release|Any CPU
		{C288EC94-FE3B-4C65-AAA2-E56D158CB77E}.Release|Mixed Platforms.ActiveCfg = Release|Any CPU
		{C288EC94-FE3B-4C65-AAA2-E56D158CB77E}.Release|Mixed Platforms.Build.0 = Release|Any CPU
		{C288EC94-FE3B-4C65-AAA2-E56D158CB77E}.Release|x86.ActiveCfg = Release|Any CPU
		{0C77C66F-28D1-41E7-B53D-B3A93D82FE32}.Debug|Any CPU.ActiveCfg = Debug|Any CPU
		{0C77C66F-28D1-41E7-B53D-B3A93D82FE32}.Debug|Any CPU.Build.0 = Debug|Any CPU
		{0C77C66F-28D1-41E7-B53D-B3A93D82FE32}.Debug|Mixed Platforms.ActiveCfg = Debug|Any CPU
		{0C77C66F-28D1-41E7-B53D-B3A93D82FE32}.Debug|Mixed Platforms.Build.0 = Debug|Any CPU
		{0C77C66F-28D1-41E7-B53D-B3A93D82FE32}.Debug|x86.ActiveCfg = Debug|Any CPU
		{0C77C66F-28D1-41E7-B53D-B3A93D82FE32}.Release|Any CPU.ActiveCfg = Release|Any CPU
		{0C77C66F-28D1-41E7-B53D-B3A93D82FE32}.Release|Any CPU.Build.0 = Release|Any CPU
		{0C77C66F-28D1-41E7-B53D-B3A93D82FE32}.Release|Mixed Platforms.ActiveCfg = Release|Any CPU
		{0C77C66F-28D1-41E7-B53D-B3A93D82FE32}.Release|Mixed Platforms.Build.0 = Release|Any CPU
		{0C77C66F-28D1-41E7-B53D-B3A93D82FE32}.Release|x86.ActiveCfg = Release|Any CPU
		{7340BB0A-A56A-43E8-8DE2-CA2CF5E28F5B}.Debug|Any CPU.ActiveCfg = Debug|Any CPU
		{7340BB0A-A56A-43E8-8DE2-CA2CF5E28F5B}.Debug|Any CPU.Build.0 = Debug|Any CPU
		{7340BB0A-A56A-43E8-8DE2-CA2CF5E28F5B}.Debug|Mixed Platforms.ActiveCfg = Debug|Any CPU
		{7340BB0A-A56A-43E8-8DE2-CA2CF5E28F5B}.Debug|Mixed Platforms.Build.0 = Debug|Any CPU
		{7340BB0A-A56A-43E8-8DE2-CA2CF5E28F5B}.Debug|x86.ActiveCfg = Debug|Any CPU
		{7340BB0A-A56A-43E8-8DE2-CA2CF5E28F5B}.Release|Any CPU.ActiveCfg = Release|Any CPU
		{7340BB0A-A56A-43E8-8DE2-CA2CF5E28F5B}.Release|Any CPU.Build.0 = Release|Any CPU
		{7340BB0A-A56A-43E8-8DE2-CA2CF5E28F5B}.Release|Mixed Platforms.ActiveCfg = Release|Any CPU
		{7340BB0A-A56A-43E8-8DE2-CA2CF5E28F5B}.Release|Mixed Platforms.Build.0 = Release|Any CPU
		{7340BB0A-A56A-43E8-8DE2-CA2CF5E28F5B}.Release|x86.ActiveCfg = Release|Any CPU
	EndGlobalSection
	GlobalSection(SolutionProperties) = preSolution
		HideSolutionNode = FALSE
	EndGlobalSection
	GlobalSection(NestedProjects) = preSolution
		{0FF4358C-45B1-4E9C-AADE-49A10482483D} = {2E3B39D6-B3CF-40D7-8F78-D5A096140578}
		{A4AAE937-5FA2-48CA-AE2D-B3B76FEA67F1} = {1ED4A6FB-FF6D-403F-826B-4C53C9FDBFFF}
		{78B9E987-D5D6-4C2E-B9D6-685B4728CCDF} = {2E3B39D6-B3CF-40D7-8F78-D5A096140578}
		{AE45E975-54F5-4A65-BF6B-97B03165FB59} = {2E3B39D6-B3CF-40D7-8F78-D5A096140578}
		{9B3D2EBB-1E99-41B5-B75A-6001B5DE4C54} = {2E3B39D6-B3CF-40D7-8F78-D5A096140578}
		{9C4E44C5-4910-4388-AE41-137C7352921F} = {1ED4A6FB-FF6D-403F-826B-4C53C9FDBFFF}
		{483DB131-D2AD-4150-AF62-9423D2F85F7F} = {1ED4A6FB-FF6D-403F-826B-4C53C9FDBFFF}
		{F4DB7C77-53CE-48FF-9980-EFAFB6924C40} = {1ED4A6FB-FF6D-403F-826B-4C53C9FDBFFF}
		{442F4DDA-696A-4D54-9BA5-860A9293E813} = {2E3B39D6-B3CF-40D7-8F78-D5A096140578}
		{B692456D-2CAF-4BD6-88AD-31B09D8C7964} = {1ED4A6FB-FF6D-403F-826B-4C53C9FDBFFF}
		{22880D8A-BADE-42DD-8965-FEB221C5FB65} = {2E3B39D6-B3CF-40D7-8F78-D5A096140578}
		{4D0DF164-D6FD-4113-A987-0A79F9C3D5F4} = {64CF1CEB-A006-4D1B-91E6-B3B739402811}
		{C288EC94-FE3B-4C65-AAA2-E56D158CB77E} = {64CF1CEB-A006-4D1B-91E6-B3B739402811}
		{0C77C66F-28D1-41E7-B53D-B3A93D82FE32} = {64CF1CEB-A006-4D1B-91E6-B3B739402811}
		{7340BB0A-A56A-43E8-8DE2-CA2CF5E28F5B} = {64CF1CEB-A006-4D1B-91E6-B3B739402811}
	EndGlobalSection
EndGlobal
